// !$*UTF8*$!
{
	archiveVersion = 1;
	classes = {
	};
	objectVersion = 55;
	objects = {

/* Begin PBXBuildFile section */
		CE04776E2AEDB2A9002674A6 /* Y_A_R_AApp.swift in Sources */ = {isa = PBXBuildFile; fileRef = CE04776D2AEDB2A9002674A6 /* Y_A_R_AApp.swift */; };
		CE0477702AEDB2A9002674A6 /* RecipeCatalog.swift in Sources */ = {isa = PBXBuildFile; fileRef = CE04776F2AEDB2A9002674A6 /* RecipeCatalog.swift */; };
		CE0477722AEDB2AE002674A6 /* Assets.xcassets in Resources */ = {isa = PBXBuildFile; fileRef = CE0477712AEDB2AE002674A6 /* Assets.xcassets */; };
		CE0477752AEDB2AE002674A6 /* Preview Assets.xcassets in Resources */ = {isa = PBXBuildFile; fileRef = CE0477742AEDB2AE002674A6 /* Preview Assets.xcassets */; };
		CE04777F2AEDB2AE002674A6 /* Y_A_R_ATests.swift in Sources */ = {isa = PBXBuildFile; fileRef = CE04777E2AEDB2AE002674A6 /* Y_A_R_ATests.swift */; };
		CE0477892AEDB2AE002674A6 /* Y_A_R_AUITests.swift in Sources */ = {isa = PBXBuildFile; fileRef = CE0477882AEDB2AE002674A6 /* Y_A_R_AUITests.swift */; };
		CE04778B2AEDB2AE002674A6 /* Y_A_R_AUITestsLaunchTests.swift in Sources */ = {isa = PBXBuildFile; fileRef = CE04778A2AEDB2AE002674A6 /* Y_A_R_AUITestsLaunchTests.swift */; };
		CE04779C2AEDB4C5002674A6 /* Recipe.swift in Sources */ = {isa = PBXBuildFile; fileRef = CE04779B2AEDB4C4002674A6 /* Recipe.swift */; };
		CE04779E2AEDB845002674A6 /* RecipeCatalogItemView.swift in Sources */ = {isa = PBXBuildFile; fileRef = CE04779D2AEDB845002674A6 /* RecipeCatalogItemView.swift */; };
		CE0477A02AEDBD0D002674A6 /* NetworkManager.swift in Sources */ = {isa = PBXBuildFile; fileRef = CE04779F2AEDBD0D002674A6 /* NetworkManager.swift */; };
		CE0477A22AEDCD86002674A6 /* RecipeCatalogResponse.swift in Sources */ = {isa = PBXBuildFile; fileRef = CE0477A12AEDCD85002674A6 /* RecipeCatalogResponse.swift */; };
		CE0477A42AEDD13D002674A6 /* RecipeCatalogViewModel.swift in Sources */ = {isa = PBXBuildFile; fileRef = CE0477A32AEDD13D002674A6 /* RecipeCatalogViewModel.swift */; };
		CE9BFDB22AEE85ED00D31B70 /* RecipeDetailsView.swift in Sources */ = {isa = PBXBuildFile; fileRef = CE9BFDB12AEE85ED00D31B70 /* RecipeDetailsView.swift */; };
/* End PBXBuildFile section */

/* Begin PBXContainerItemProxy section */
		CE04777B2AEDB2AE002674A6 /* PBXContainerItemProxy */ = {
			isa = PBXContainerItemProxy;
			containerPortal = CE0477622AEDB2A9002674A6 /* Project object */;
			proxyType = 1;
			remoteGlobalIDString = CE0477692AEDB2A9002674A6;
			remoteInfo = Y.A.R.A;
		};
		CE0477852AEDB2AE002674A6 /* PBXContainerItemProxy */ = {
			isa = PBXContainerItemProxy;
			containerPortal = CE0477622AEDB2A9002674A6 /* Project object */;
			proxyType = 1;
			remoteGlobalIDString = CE0477692AEDB2A9002674A6;
			remoteInfo = Y.A.R.A;
		};
/* End PBXContainerItemProxy section */

/* Begin PBXFileReference section */
		CE04776A2AEDB2A9002674A6 /* Y.A.R.A.app */ = {isa = PBXFileReference; explicitFileType = wrapper.application; includeInIndex = 0; path = Y.A.R.A.app; sourceTree = BUILT_PRODUCTS_DIR; };
		CE04776D2AEDB2A9002674A6 /* Y_A_R_AApp.swift */ = {isa = PBXFileReference; lastKnownFileType = sourcecode.swift; path = Y_A_R_AApp.swift; sourceTree = "<group>"; };
		CE04776F2AEDB2A9002674A6 /* RecipeCatalog.swift */ = {isa = PBXFileReference; lastKnownFileType = sourcecode.swift; path = RecipeCatalog.swift; sourceTree = "<group>"; };
		CE0477712AEDB2AE002674A6 /* Assets.xcassets */ = {isa = PBXFileReference; lastKnownFileType = folder.assetcatalog; path = Assets.xcassets; sourceTree = "<group>"; };
		CE0477742AEDB2AE002674A6 /* Preview Assets.xcassets */ = {isa = PBXFileReference; lastKnownFileType = folder.assetcatalog; path = "Preview Assets.xcassets"; sourceTree = "<group>"; };
		CE04777A2AEDB2AE002674A6 /* Y.A.R.ATests.xctest */ = {isa = PBXFileReference; explicitFileType = wrapper.cfbundle; includeInIndex = 0; path = Y.A.R.ATests.xctest; sourceTree = BUILT_PRODUCTS_DIR; };
		CE04777E2AEDB2AE002674A6 /* Y_A_R_ATests.swift */ = {isa = PBXFileReference; lastKnownFileType = sourcecode.swift; path = Y_A_R_ATests.swift; sourceTree = "<group>"; };
		CE0477842AEDB2AE002674A6 /* Y.A.R.AUITests.xctest */ = {isa = PBXFileReference; explicitFileType = wrapper.cfbundle; includeInIndex = 0; path = Y.A.R.AUITests.xctest; sourceTree = BUILT_PRODUCTS_DIR; };
		CE0477882AEDB2AE002674A6 /* Y_A_R_AUITests.swift */ = {isa = PBXFileReference; lastKnownFileType = sourcecode.swift; path = Y_A_R_AUITests.swift; sourceTree = "<group>"; };
		CE04778A2AEDB2AE002674A6 /* Y_A_R_AUITestsLaunchTests.swift */ = {isa = PBXFileReference; lastKnownFileType = sourcecode.swift; path = Y_A_R_AUITestsLaunchTests.swift; sourceTree = "<group>"; };
		CE04779B2AEDB4C4002674A6 /* Recipe.swift */ = {isa = PBXFileReference; lastKnownFileType = sourcecode.swift; path = Recipe.swift; sourceTree = "<group>"; };
		CE04779D2AEDB845002674A6 /* RecipeCatalogItemView.swift */ = {isa = PBXFileReference; lastKnownFileType = sourcecode.swift; path = RecipeCatalogItemView.swift; sourceTree = "<group>"; };
		CE04779F2AEDBD0D002674A6 /* NetworkManager.swift */ = {isa = PBXFileReference; lastKnownFileType = sourcecode.swift; path = NetworkManager.swift; sourceTree = "<group>"; };
		CE0477A12AEDCD85002674A6 /* RecipeCatalogResponse.swift */ = {isa = PBXFileReference; lastKnownFileType = sourcecode.swift; path = RecipeCatalogResponse.swift; sourceTree = "<group>"; };
		CE0477A32AEDD13D002674A6 /* RecipeCatalogViewModel.swift */ = {isa = PBXFileReference; lastKnownFileType = sourcecode.swift; path = RecipeCatalogViewModel.swift; sourceTree = "<group>"; };
		CE9BFDB12AEE85ED00D31B70 /* RecipeDetailsView.swift */ = {isa = PBXFileReference; lastKnownFileType = sourcecode.swift; path = RecipeDetailsView.swift; sourceTree = "<group>"; };
/* End PBXFileReference section */

/* Begin PBXFrameworksBuildPhase section */
		CE0477672AEDB2A9002674A6 /* Frameworks */ = {
			isa = PBXFrameworksBuildPhase;
			buildActionMask = 2147483647;
			files = (
			);
			runOnlyForDeploymentPostprocessing = 0;
		};
		CE0477772AEDB2AE002674A6 /* Frameworks */ = {
			isa = PBXFrameworksBuildPhase;
			buildActionMask = 2147483647;
			files = (
			);
			runOnlyForDeploymentPostprocessing = 0;
		};
		CE0477812AEDB2AE002674A6 /* Frameworks */ = {
			isa = PBXFrameworksBuildPhase;
			buildActionMask = 2147483647;
			files = (
			);
			runOnlyForDeploymentPostprocessing = 0;
		};
/* End PBXFrameworksBuildPhase section */

/* Begin PBXGroup section */
		CE0477612AEDB2A9002674A6 = {
			isa = PBXGroup;
			children = (
				CE04776C2AEDB2A9002674A6 /* Y.A.R.A */,
				CE04777D2AEDB2AE002674A6 /* Y.A.R.ATests */,
				CE0477872AEDB2AE002674A6 /* Y.A.R.AUITests */,
				CE04776B2AEDB2A9002674A6 /* Products */,
			);
			sourceTree = "<group>";
		};
		CE04776B2AEDB2A9002674A6 /* Products */ = {
			isa = PBXGroup;
			children = (
				CE04776A2AEDB2A9002674A6 /* Y.A.R.A.app */,
				CE04777A2AEDB2AE002674A6 /* Y.A.R.ATests.xctest */,
				CE0477842AEDB2AE002674A6 /* Y.A.R.AUITests.xctest */,
			);
			name = Products;
			sourceTree = "<group>";
		};
		CE04776C2AEDB2A9002674A6 /* Y.A.R.A */ = {
			isa = PBXGroup;
			children = (
				CE04779A2AEDB386002674A6 /* Others */,
				CE0477992AEDB347002674A6 /* Networking */,
				CE0477982AEDB334002674A6 /* Views */,
				CE0477972AEDB324002674A6 /* Models */,
				CE0477712AEDB2AE002674A6 /* Assets.xcassets */,
				CE0477732AEDB2AE002674A6 /* Preview Content */,
			);
			path = Y.A.R.A;
			sourceTree = "<group>";
		};
		CE0477732AEDB2AE002674A6 /* Preview Content */ = {
			isa = PBXGroup;
			children = (
				CE0477742AEDB2AE002674A6 /* Preview Assets.xcassets */,
			);
			path = "Preview Content";
			sourceTree = "<group>";
		};
		CE04777D2AEDB2AE002674A6 /* Y.A.R.ATests */ = {
			isa = PBXGroup;
			children = (
				CE04777E2AEDB2AE002674A6 /* Y_A_R_ATests.swift */,
			);
			path = Y.A.R.ATests;
			sourceTree = "<group>";
		};
		CE0477872AEDB2AE002674A6 /* Y.A.R.AUITests */ = {
			isa = PBXGroup;
			children = (
				CE0477882AEDB2AE002674A6 /* Y_A_R_AUITests.swift */,
				CE04778A2AEDB2AE002674A6 /* Y_A_R_AUITestsLaunchTests.swift */,
			);
			path = Y.A.R.AUITests;
			sourceTree = "<group>";
		};
		CE0477972AEDB324002674A6 /* Models */ = {
			isa = PBXGroup;
			children = (
				CE04779B2AEDB4C4002674A6 /* Recipe.swift */,
			);
			path = Models;
			sourceTree = "<group>";
		};
		CE0477982AEDB334002674A6 /* Views */ = {
			isa = PBXGroup;
			children = (
				CE04776F2AEDB2A9002674A6 /* RecipeCatalog.swift */,
				CE9BFDB12AEE85ED00D31B70 /* RecipeDetailsView.swift */,
				CE04779D2AEDB845002674A6 /* RecipeCatalogItemView.swift */,
				CE0477A32AEDD13D002674A6 /* RecipeCatalogViewModel.swift */,
			);
			name = Views;
			path = "New Group1";
			sourceTree = "<group>";
		};
		CE0477992AEDB347002674A6 /* Networking */ = {
			isa = PBXGroup;
			children = (
				CE04779F2AEDBD0D002674A6 /* NetworkManager.swift */,
				CE0477A12AEDCD85002674A6 /* RecipeCatalogResponse.swift */,
			);
			path = Networking;
			sourceTree = "<group>";
		};
		CE04779A2AEDB386002674A6 /* Others */ = {
			isa = PBXGroup;
			children = (
				CE04776D2AEDB2A9002674A6 /* Y_A_R_AApp.swift */,
			);
			path = Others;
			sourceTree = "<group>";
		};
/* End PBXGroup section */

/* Begin PBXNativeTarget section */
		CE0477692AEDB2A9002674A6 /* Y.A.R.A */ = {
			isa = PBXNativeTarget;
			buildConfigurationList = CE04778E2AEDB2AE002674A6 /* Build configuration list for PBXNativeTarget "Y.A.R.A" */;
			buildPhases = (
				CE0477662AEDB2A9002674A6 /* Sources */,
				CE0477672AEDB2A9002674A6 /* Frameworks */,
				CE0477682AEDB2A9002674A6 /* Resources */,
			);
			buildRules = (
			);
			dependencies = (
			);
			name = Y.A.R.A;
			productName = Y.A.R.A;
			productReference = CE04776A2AEDB2A9002674A6 /* Y.A.R.A.app */;
			productType = "com.apple.product-type.application";
		};
		CE0477792AEDB2AE002674A6 /* Y.A.R.ATests */ = {
			isa = PBXNativeTarget;
			buildConfigurationList = CE0477912AEDB2AE002674A6 /* Build configuration list for PBXNativeTarget "Y.A.R.ATests" */;
			buildPhases = (
				CE0477762AEDB2AE002674A6 /* Sources */,
				CE0477772AEDB2AE002674A6 /* Frameworks */,
				CE0477782AEDB2AE002674A6 /* Resources */,
			);
			buildRules = (
			);
			dependencies = (
				CE04777C2AEDB2AE002674A6 /* PBXTargetDependency */,
			);
			name = Y.A.R.ATests;
			productName = Y.A.R.ATests;
			productReference = CE04777A2AEDB2AE002674A6 /* Y.A.R.ATests.xctest */;
			productType = "com.apple.product-type.bundle.unit-test";
		};
		CE0477832AEDB2AE002674A6 /* Y.A.R.AUITests */ = {
			isa = PBXNativeTarget;
			buildConfigurationList = CE0477942AEDB2AE002674A6 /* Build configuration list for PBXNativeTarget "Y.A.R.AUITests" */;
			buildPhases = (
				CE0477802AEDB2AE002674A6 /* Sources */,
				CE0477812AEDB2AE002674A6 /* Frameworks */,
				CE0477822AEDB2AE002674A6 /* Resources */,
			);
			buildRules = (
			);
			dependencies = (
				CE0477862AEDB2AE002674A6 /* PBXTargetDependency */,
			);
			name = Y.A.R.AUITests;
			productName = Y.A.R.AUITests;
			productReference = CE0477842AEDB2AE002674A6 /* Y.A.R.AUITests.xctest */;
			productType = "com.apple.product-type.bundle.ui-testing";
		};
/* End PBXNativeTarget section */

/* Begin PBXProject section */
		CE0477622AEDB2A9002674A6 /* Project object */ = {
			isa = PBXProject;
			attributes = {
				BuildIndependentTargetsInParallel = 1;
				LastSwiftUpdateCheck = 1320;
				LastUpgradeCheck = 1320;
				TargetAttributes = {
					CE0477692AEDB2A9002674A6 = {
						CreatedOnToolsVersion = 13.2.1;
					};
					CE0477792AEDB2AE002674A6 = {
						CreatedOnToolsVersion = 13.2.1;
						TestTargetID = CE0477692AEDB2A9002674A6;
					};
					CE0477832AEDB2AE002674A6 = {
						CreatedOnToolsVersion = 13.2.1;
						TestTargetID = CE0477692AEDB2A9002674A6;
					};
				};
			};
			buildConfigurationList = CE0477652AEDB2A9002674A6 /* Build configuration list for PBXProject "Y.A.R.A" */;
			compatibilityVersion = "Xcode 13.0";
			developmentRegion = en;
			hasScannedForEncodings = 0;
			knownRegions = (
				en,
				Base,
			);
			mainGroup = CE0477612AEDB2A9002674A6;
			productRefGroup = CE04776B2AEDB2A9002674A6 /* Products */;
			projectDirPath = "";
			projectRoot = "";
			targets = (
				CE0477692AEDB2A9002674A6 /* Y.A.R.A */,
				CE0477792AEDB2AE002674A6 /* Y.A.R.ATests */,
				CE0477832AEDB2AE002674A6 /* Y.A.R.AUITests */,
			);
		};
/* End PBXProject section */

/* Begin PBXResourcesBuildPhase section */
		CE0477682AEDB2A9002674A6 /* Resources */ = {
			isa = PBXResourcesBuildPhase;
			buildActionMask = 2147483647;
			files = (
				CE0477752AEDB2AE002674A6 /* Preview Assets.xcassets in Resources */,
				CE0477722AEDB2AE002674A6 /* Assets.xcassets in Resources */,
			);
			runOnlyForDeploymentPostprocessing = 0;
		};
		CE0477782AEDB2AE002674A6 /* Resources */ = {
			isa = PBXResourcesBuildPhase;
			buildActionMask = 2147483647;
			files = (
			);
			runOnlyForDeploymentPostprocessing = 0;
		};
		CE0477822AEDB2AE002674A6 /* Resources */ = {
			isa = PBXResourcesBuildPhase;
			buildActionMask = 2147483647;
			files = (
			);
			runOnlyForDeploymentPostprocessing = 0;
		};
/* End PBXResourcesBuildPhase section */

/* Begin PBXSourcesBuildPhase section */
		CE0477662AEDB2A9002674A6 /* Sources */ = {
			isa = PBXSourcesBuildPhase;
			buildActionMask = 2147483647;
			files = (
				CE0477A22AEDCD86002674A6 /* RecipeCatalogResponse.swift in Sources */,
				CE0477A42AEDD13D002674A6 /* RecipeCatalogViewModel.swift in Sources */,
				CE04779C2AEDB4C5002674A6 /* Recipe.swift in Sources */,
				CE9BFDB22AEE85ED00D31B70 /* RecipeDetailsView.swift in Sources */,
				CE0477702AEDB2A9002674A6 /* RecipeCatalog.swift in Sources */,
				CE0477A02AEDBD0D002674A6 /* NetworkManager.swift in Sources */,
				CE04776E2AEDB2A9002674A6 /* Y_A_R_AApp.swift in Sources */,
				CE04779E2AEDB845002674A6 /* RecipeCatalogItemView.swift in Sources */,
			);
			runOnlyForDeploymentPostprocessing = 0;
		};
		CE0477762AEDB2AE002674A6 /* Sources */ = {
			isa = PBXSourcesBuildPhase;
			buildActionMask = 2147483647;
			files = (
				CE04777F2AEDB2AE002674A6 /* Y_A_R_ATests.swift in Sources */,
			);
			runOnlyForDeploymentPostprocessing = 0;
		};
		CE0477802AEDB2AE002674A6 /* Sources */ = {
			isa = PBXSourcesBuildPhase;
			buildActionMask = 2147483647;
			files = (
				CE0477892AEDB2AE002674A6 /* Y_A_R_AUITests.swift in Sources */,
				CE04778B2AEDB2AE002674A6 /* Y_A_R_AUITestsLaunchTests.swift in Sources */,
			);
			runOnlyForDeploymentPostprocessing = 0;
		};
/* End PBXSourcesBuildPhase section */

/* Begin PBXTargetDependency section */
		CE04777C2AEDB2AE002674A6 /* PBXTargetDependency */ = {
			isa = PBXTargetDependency;
			target = CE0477692AEDB2A9002674A6 /* Y.A.R.A */;
			targetProxy = CE04777B2AEDB2AE002674A6 /* PBXContainerItemProxy */;
		};
		CE0477862AEDB2AE002674A6 /* PBXTargetDependency */ = {
			isa = PBXTargetDependency;
			target = CE0477692AEDB2A9002674A6 /* Y.A.R.A */;
			targetProxy = CE0477852AEDB2AE002674A6 /* PBXContainerItemProxy */;
		};
/* End PBXTargetDependency section */

/* Begin XCBuildConfiguration section */
		CE04778C2AEDB2AE002674A6 /* Debug */ = {
			isa = XCBuildConfiguration;
			buildSettings = {
				ALWAYS_SEARCH_USER_PATHS = NO;
				CLANG_ANALYZER_NONNULL = YES;
				CLANG_ANALYZER_NUMBER_OBJECT_CONVERSION = YES_AGGRESSIVE;
				CLANG_CXX_LANGUAGE_STANDARD = "gnu++17";
				CLANG_CXX_LIBRARY = "libc++";
				CLANG_ENABLE_MODULES = YES;
				CLANG_ENABLE_OBJC_ARC = YES;
				CLANG_ENABLE_OBJC_WEAK = YES;
				CLANG_WARN_BLOCK_CAPTURE_AUTORELEASING = YES;
				CLANG_WARN_BOOL_CONVERSION = YES;
				CLANG_WARN_COMMA = YES;
				CLANG_WARN_CONSTANT_CONVERSION = YES;
				CLANG_WARN_DEPRECATED_OBJC_IMPLEMENTATIONS = YES;
				CLANG_WARN_DIRECT_OBJC_ISA_USAGE = YES_ERROR;
				CLANG_WARN_DOCUMENTATION_COMMENTS = YES;
				CLANG_WARN_EMPTY_BODY = YES;
				CLANG_WARN_ENUM_CONVERSION = YES;
				CLANG_WARN_INFINITE_RECURSION = YES;
				CLANG_WARN_INT_CONVERSION = YES;
				CLANG_WARN_NON_LITERAL_NULL_CONVERSION = YES;
				CLANG_WARN_OBJC_IMPLICIT_RETAIN_SELF = YES;
				CLANG_WARN_OBJC_LITERAL_CONVERSION = YES;
				CLANG_WARN_OBJC_ROOT_CLASS = YES_ERROR;
				CLANG_WARN_QUOTED_INCLUDE_IN_FRAMEWORK_HEADER = YES;
				CLANG_WARN_RANGE_LOOP_ANALYSIS = YES;
				CLANG_WARN_STRICT_PROTOTYPES = YES;
				CLANG_WARN_SUSPICIOUS_MOVE = YES;
				CLANG_WARN_UNGUARDED_AVAILABILITY = YES_AGGRESSIVE;
				CLANG_WARN_UNREACHABLE_CODE = YES;
				CLANG_WARN__DUPLICATE_METHOD_MATCH = YES;
				COPY_PHASE_STRIP = NO;
				DEBUG_INFORMATION_FORMAT = dwarf;
				ENABLE_STRICT_OBJC_MSGSEND = YES;
				ENABLE_TESTABILITY = YES;
				GCC_C_LANGUAGE_STANDARD = gnu11;
				GCC_DYNAMIC_NO_PIC = NO;
				GCC_NO_COMMON_BLOCKS = YES;
				GCC_OPTIMIZATION_LEVEL = 0;
				GCC_PREPROCESSOR_DEFINITIONS = (
					"DEBUG=1",
					"$(inherited)",
				);
				GCC_WARN_64_TO_32_BIT_CONVERSION = YES;
				GCC_WARN_ABOUT_RETURN_TYPE = YES_ERROR;
				GCC_WARN_UNDECLARED_SELECTOR = YES;
				GCC_WARN_UNINITIALIZED_AUTOS = YES_AGGRESSIVE;
				GCC_WARN_UNUSED_FUNCTION = YES;
				GCC_WARN_UNUSED_VARIABLE = YES;
				IPHONEOS_DEPLOYMENT_TARGET = 15.2;
				MTL_ENABLE_DEBUG_INFO = INCLUDE_SOURCE;
				MTL_FAST_MATH = YES;
				ONLY_ACTIVE_ARCH = YES;
				SDKROOT = iphoneos;
				SWIFT_ACTIVE_COMPILATION_CONDITIONS = DEBUG;
				SWIFT_OPTIMIZATION_LEVEL = "-Onone";
			};
			name = Debug;
		};
		CE04778D2AEDB2AE002674A6 /* Release */ = {
			isa = XCBuildConfiguration;
			buildSettings = {
				ALWAYS_SEARCH_USER_PATHS = NO;
				CLANG_ANALYZER_NONNULL = YES;
				CLANG_ANALYZER_NUMBER_OBJECT_CONVERSION = YES_AGGRESSIVE;
				CLANG_CXX_LANGUAGE_STANDARD = "gnu++17";
				CLANG_CXX_LIBRARY = "libc++";
				CLANG_ENABLE_MODULES = YES;
				CLANG_ENABLE_OBJC_ARC = YES;
				CLANG_ENABLE_OBJC_WEAK = YES;
				CLANG_WARN_BLOCK_CAPTURE_AUTORELEASING = YES;
				CLANG_WARN_BOOL_CONVERSION = YES;
				CLANG_WARN_COMMA = YES;
				CLANG_WARN_CONSTANT_CONVERSION = YES;
				CLANG_WARN_DEPRECATED_OBJC_IMPLEMENTATIONS = YES;
				CLANG_WARN_DIRECT_OBJC_ISA_USAGE = YES_ERROR;
				CLANG_WARN_DOCUMENTATION_COMMENTS = YES;
				CLANG_WARN_EMPTY_BODY = YES;
				CLANG_WARN_ENUM_CONVERSION = YES;
				CLANG_WARN_INFINITE_RECURSION = YES;
				CLANG_WARN_INT_CONVERSION = YES;
				CLANG_WARN_NON_LITERAL_NULL_CONVERSION = YES;
				CLANG_WARN_OBJC_IMPLICIT_RETAIN_SELF = YES;
				CLANG_WARN_OBJC_LITERAL_CONVERSION = YES;
				CLANG_WARN_OBJC_ROOT_CLASS = YES_ERROR;
				CLANG_WARN_QUOTED_INCLUDE_IN_FRAMEWORK_HEADER = YES;
				CLANG_WARN_RANGE_LOOP_ANALYSIS = YES;
				CLANG_WARN_STRICT_PROTOTYPES = YES;
				CLANG_WARN_SUSPICIOUS_MOVE = YES;
				CLANG_WARN_UNGUARDED_AVAILABILITY = YES_AGGRESSIVE;
				CLANG_WARN_UNREACHABLE_CODE = YES;
				CLANG_WARN__DUPLICATE_METHOD_MATCH = YES;
				COPY_PHASE_STRIP = NO;
				DEBUG_INFORMATION_FORMAT = "dwarf-with-dsym";
				ENABLE_NS_ASSERTIONS = NO;
				ENABLE_STRICT_OBJC_MSGSEND = YES;
				GCC_C_LANGUAGE_STANDARD = gnu11;
				GCC_NO_COMMON_BLOCKS = YES;
				GCC_WARN_64_TO_32_BIT_CONVERSION = YES;
				GCC_WARN_ABOUT_RETURN_TYPE = YES_ERROR;
				GCC_WARN_UNDECLARED_SELECTOR = YES;
				GCC_WARN_UNINITIALIZED_AUTOS = YES_AGGRESSIVE;
				GCC_WARN_UNUSED_FUNCTION = YES;
				GCC_WARN_UNUSED_VARIABLE = YES;
				IPHONEOS_DEPLOYMENT_TARGET = 15.2;
				MTL_ENABLE_DEBUG_INFO = NO;
				MTL_FAST_MATH = YES;
				SDKROOT = iphoneos;
				SWIFT_COMPILATION_MODE = wholemodule;
				SWIFT_OPTIMIZATION_LEVEL = "-O";
				VALIDATE_PRODUCT = YES;
			};
			name = Release;
		};
		CE04778F2AEDB2AE002674A6 /* Debug */ = {
			isa = XCBuildConfiguration;
			buildSettings = {
				ASSETCATALOG_COMPILER_APPICON_NAME = AppIcon;
				ASSETCATALOG_COMPILER_GLOBAL_ACCENT_COLOR_NAME = AccentColor;
				CODE_SIGN_STYLE = Automatic;
				CURRENT_PROJECT_VERSION = 1;
				DEVELOPMENT_ASSET_PATHS = "\"Y.A.R.A/Preview Content\"";
				ENABLE_PREVIEWS = YES;
				GENERATE_INFOPLIST_FILE = YES;
				INFOPLIST_KEY_UIApplicationSceneManifest_Generation = YES;
				INFOPLIST_KEY_UIApplicationSupportsIndirectInputEvents = YES;
				INFOPLIST_KEY_UILaunchScreen_Generation = YES;
				INFOPLIST_KEY_UISupportedInterfaceOrientations_iPad = "UIInterfaceOrientationPortrait UIInterfaceOrientationPortraitUpsideDown UIInterfaceOrientationLandscapeLeft UIInterfaceOrientationLandscapeRight";
				INFOPLIST_KEY_UISupportedInterfaceOrientations_iPhone = "UIInterfaceOrientationPortrait UIInterfaceOrientationLandscapeLeft UIInterfaceOrientationLandscapeRight";
				LD_RUNPATH_SEARCH_PATHS = (
					"$(inherited)",
					"@executable_path/Frameworks",
				);
				MARKETING_VERSION = 1.0;
				PRODUCT_BUNDLE_IDENTIFIER = "com.gichukipaul.Y-A-R-A";
				PRODUCT_NAME = "$(TARGET_NAME)";
				SWIFT_EMIT_LOC_STRINGS = YES;
				SWIFT_VERSION = 5.0;
				TARGETED_DEVICE_FAMILY = "1,2";
			};
			name = Debug;
		};
		CE0477902AEDB2AE002674A6 /* Release */ = {
			isa = XCBuildConfiguration;
			buildSettings = {
				ASSETCATALOG_COMPILER_APPICON_NAME = AppIcon;
				ASSETCATALOG_COMPILER_GLOBAL_ACCENT_COLOR_NAME = AccentColor;
				CODE_SIGN_STYLE = Automatic;
				CURRENT_PROJECT_VERSION = 1;
				DEVELOPMENT_ASSET_PATHS = "\"Y.A.R.A/Preview Content\"";
				ENABLE_PREVIEWS = YES;
				GENERATE_INFOPLIST_FILE = YES;
				INFOPLIST_KEY_UIApplicationSceneManifest_Generation = YES;
				INFOPLIST_KEY_UIApplicationSupportsIndirectInputEvents = YES;
				INFOPLIST_KEY_UILaunchScreen_Generation = YES;
				INFOPLIST_KEY_UISupportedInterfaceOrientations_iPad = "UIInterfaceOrientationPortrait UIInterfaceOrientationPortraitUpsideDown UIInterfaceOrientationLandscapeLeft UIInterfaceOrientationLandscapeRight";
				INFOPLIST_KEY_UISupportedInterfaceOrientations_iPhone = "UIInterfaceOrientationPortrait UIInterfaceOrientationLandscapeLeft UIInterfaceOrientationLandscapeRight";
				LD_RUNPATH_SEARCH_PATHS = (
					"$(inherited)",
					"@executable_path/Frameworks",
				);
				MARKETING_VERSION = 1.0;
				PRODUCT_BUNDLE_IDENTIFIER = "com.gichukipaul.Y-A-R-A";
				PRODUCT_NAME = "$(TARGET_NAME)";
				SWIFT_EMIT_LOC_STRINGS = YES;
				SWIFT_VERSION = 5.0;
				TARGETED_DEVICE_FAMILY = "1,2";
			};
			name = Release;
		};
		CE0477922AEDB2AE002674A6 /* Debug */ = {
			isa = XCBuildConfiguration;
			buildSettings = {
				ALWAYS_EMBED_SWIFT_STANDARD_LIBRARIES = YES;
				BUNDLE_LOADER = "$(TEST_HOST)";
				CODE_SIGN_STYLE = Automatic;
				CURRENT_PROJECT_VERSION = 1;
				GENERATE_INFOPLIST_FILE = YES;
				IPHONEOS_DEPLOYMENT_TARGET = 15.2;
				MARKETING_VERSION = 1.0;
				PRODUCT_BUNDLE_IDENTIFIER = "com.gichukipaul.Y-A-R-ATests";
				PRODUCT_NAME = "$(TARGET_NAME)";
				SWIFT_EMIT_LOC_STRINGS = NO;
				SWIFT_VERSION = 5.0;
				TARGETED_DEVICE_FAMILY = "1,2";
				TEST_HOST = "$(BUILT_PRODUCTS_DIR)/Y.A.R.A.app/Y.A.R.A";
			};
			name = Debug;
		};
		CE0477932AEDB2AE002674A6 /* Release */ = {
			isa = XCBuildConfiguration;
			buildSettings = {
				ALWAYS_EMBED_SWIFT_STANDARD_LIBRARIES = YES;
				BUNDLE_LOADER = "$(TEST_HOST)";
				CODE_SIGN_STYLE = Automatic;
				CURRENT_PROJECT_VERSION = 1;
				GENERATE_INFOPLIST_FILE = YES;
				IPHONEOS_DEPLOYMENT_TARGET = 15.2;
				MARKETING_VERSION = 1.0;
				PRODUCT_BUNDLE_IDENTIFIER = "com.gichukipaul.Y-A-R-ATests";
				PRODUCT_NAME = "$(TARGET_NAME)";
				SWIFT_EMIT_LOC_STRINGS = NO;
				SWIFT_VERSION = 5.0;
				TARGETED_DEVICE_FAMILY = "1,2";
				TEST_HOST = "$(BUILT_PRODUCTS_DIR)/Y.A.R.A.app/Y.A.R.A";
			};
			name = Release;
		};
		CE0477952AEDB2AE002674A6 /* Debug */ = {
			isa = XCBuildConfiguration;
			buildSettings = {
				ALWAYS_EMBED_SWIFT_STANDARD_LIBRARIES = YES;
				CODE_SIGN_STYLE = Automatic;
				CURRENT_PROJECT_VERSION = 1;
				GENERATE_INFOPLIST_FILE = YES;
				MARKETING_VERSION = 1.0;
				PRODUCT_BUNDLE_IDENTIFIER = "com.gichukipaul.Y-A-R-AUITests";
				PRODUCT_NAME = "$(TARGET_NAME)";
				SWIFT_EMIT_LOC_STRINGS = NO;
				SWIFT_VERSION = 5.0;
				TARGETED_DEVICE_FAMILY = "1,2";
				TEST_TARGET_NAME = Y.A.R.A;
			};
			name = Debug;
		};
		CE0477962AEDB2AE002674A6 /* Release */ = {
			isa = XCBuildConfiguration;
			buildSettings = {
				ALWAYS_EMBED_SWIFT_STANDARD_LIBRARIES = YES;
				CODE_SIGN_STYLE = Automatic;
				CURRENT_PROJECT_VERSION = 1;
				GENERATE_INFOPLIST_FILE = YES;
				MARKETING_VERSION = 1.0;
				PRODUCT_BUNDLE_IDENTIFIER = "com.gichukipaul.Y-A-R-AUITests";
				PRODUCT_NAME = "$(TARGET_NAME)";
				SWIFT_EMIT_LOC_STRINGS = NO;
				SWIFT_VERSION = 5.0;
				TARGETED_DEVICE_FAMILY = "1,2";
				TEST_TARGET_NAME = Y.A.R.A;
			};
			name = Release;
		};
/* End XCBuildConfiguration section */

/* Begin XCConfigurationList section */
		CE0477652AEDB2A9002674A6 /* Build configuration list for PBXProject "Y.A.R.A" */ = {
			isa = XCConfigurationList;
			buildConfigurations = (
				CE04778C2AEDB2AE002674A6 /* Debug */,
				CE04778D2AEDB2AE002674A6 /* Release */,
			);
			defaultConfigurationIsVisible = 0;
			defaultConfigurationName = Release;
		};
		CE04778E2AEDB2AE002674A6 /* Build configuration list for PBXNativeTarget "Y.A.R.A" */ = {
			isa = XCConfigurationList;
			buildConfigurations = (
				CE04778F2AEDB2AE002674A6 /* Debug */,
				CE0477902AEDB2AE002674A6 /* Release */,
			);
			defaultConfigurationIsVisible = 0;
			defaultConfigurationName = Release;
		};
		CE0477912AEDB2AE002674A6 /* Build configuration list for PBXNativeTarget "Y.A.R.ATests" */ = {
			isa = XCConfigurationList;
			buildConfigurations = (
				CE0477922AEDB2AE002674A6 /* Debug */,
				CE0477932AEDB2AE002674A6 /* Release */,
			);
			defaultConfigurationIsVisible = 0;
			defaultConfigurationName = Release;
		};
		CE0477942AEDB2AE002674A6 /* Build configuration list for PBXNativeTarget "Y.A.R.AUITests" */ = {
			isa = XCConfigurationList;
			buildConfigurations = (
				CE0477952AEDB2AE002674A6 /* Debug */,
				CE0477962AEDB2AE002674A6 /* Release */,
			);
			defaultConfigurationIsVisible = 0;
			defaultConfigurationName = Release;
		};
/* End XCConfigurationList section */
	};
	rootObject = CE0477622AEDB2A9002674A6 /* Project object */;
}
